
Microsoft Visual Studio Solution File, Format Version 12.00
# Visual Studio 2012
Project("{FAE04EC0-301F-11D3-BF4B-00C04F79EFBC}") = "EnterpriseShell", "EnterpriseShell\EnterpriseShell.csproj", "{1F704B74-4778-4A31-A057-E47AF92D99A0}"
EndProject
Project("{FAE04EC0-301F-11D3-BF4B-00C04F79EFBC}") = "EnterpriseFramework", "EnterpriseFramework\EnterpriseFramework.csproj", "{EC00B535-3BB9-411F-8470-E9AC7A121007}"
EndProject
Global
	GlobalSection(SolutionConfigurationPlatforms) = preSolution
		Debug|Any CPU = Debug|Any CPU
		Release|Any CPU = Release|Any CPU
	EndGlobalSection
	GlobalSection(ProjectConfigurationPlatforms) = postSolution
		{1F704B74-4778-4A31-A057-E47AF92D99A0}.Debug|Any CPU.ActiveCfg = Debug|Any CPU
		{1F704B74-4778-4A31-A057-E47AF92D99A0}.Debug|Any CPU.Build.0 = Debug|Any CPU
		{1F704B74-4778-4A31-A057-E47AF92D99A0}.Release|Any CPU.ActiveCfg = Release|Any CPU
		{1F704B74-4778-4A31-A057-E47AF92D99A0}.Release|Any CPU.Build.0 = Release|Any CPU
		{EC00B535-3BB9-411F-8470-E9AC7A121007}.Debug|Any CPU.ActiveCfg = Debug|Any CPU
		{EC00B535-3BB9-411F-8470-E9AC7A121007}.Debug|Any CPU.Build.0 = Debug|Any CPU
		{EC00B535-3BB9-411F-8470-E9AC7A121007}.Release|Any CPU.ActiveCfg = Release|Any CPU
		{EC00B535-3BB9-411F-8470-E9AC7A121007}.Release|Any CPU.Build.0 = Release|Any CPU
	EndGlobalSection
	GlobalSection(SolutionProperties) = preSolution
		HideSolutionNode = FALSE
	EndGlobalSection
EndGlobal
